lockfileVersion: '6.0'

settings:
  autoInstallPeers: true
  excludeLinksFromLockfile: false

dependencies:
  three:
    specifier: ^0.159.0
    version: 0.159.0

devDependencies:
  '@types/three':
    specifier: ^0.159.0
    version: 0.159.0

packages:

  /@types/stats.js@0.17.3:
    resolution: {integrity: sha512-pXNfAD3KHOdif9EQXZ9deK82HVNaXP5ZIF5RP2QG6OQFNTaY2YIetfrE9t528vEreGQvEPRDDc8muaoYeK0SxQ==}
    dev: true

  /@types/three@0.159.0:
    resolution: {integrity: sha512-2gybdh7HtX+rGUgslzK7QEJfzD2I0qrbUGzKk+dK0FDx49UHkNX0rqZVRzIgeFjBd1HzzhNNgwNoMacm3Wyc7w==}
    dependencies:
      '@types/stats.js': 0.17.3
      '@types/webxr': 0.5.10
      fflate: 0.6.10
      meshoptimizer: 0.18.1
    dev: true

  /@types/webxr@0.5.10:
    resolution: {integrity: sha512-n3u5sqXQJhf1CS68mw3Wf16FQ4cRPNBBwdYLFzq3UddiADOim1Pn3Y6PBdDilz1vOJF3ybLxJ8ZEDlLIzrOQZg==}
    dev: true

  /fflate@0.6.10:
    resolution: {integrity: sha512-IQrh3lEPM93wVCEczc9SaAOvkmcoQn/G8Bo1e8ZPlY3X3bnAxWaBdvTdvM1hP62iZp0BXWDy4vTAy4fF0+Dlpg==}
    dev: true

  /meshoptimizer@0.18.1:
    resolution: {integrity: sha512-ZhoIoL7TNV4s5B6+rx5mC//fw8/POGyNxS/DZyCJeiZ12ScLfVwRE/GfsxwiTkMYYD5DmK2/JXnEVXqL4rF+Sw==}
    dev: true

  /three@0.159.0:
    resolution: {integrity: sha512-eCmhlLGbBgucuo4VEA9IO3Qpc7dh8Bd4VKzr7WfW4+8hMcIfoAVi1ev0pJYN9PTTsCslbcKgBwr2wNZ1EvLInA==}
    dev: false
